{
    "_readme": [
        "This file locks the dependencies of your project to a known state",
        "Read more about it at https://getcomposer.org/doc/01-basic-usage.md#composer-lock-the-lock-file",
        "This file is @generated automatically"
    ],
    "content-hash": "c3b9ef2bce189e8f5a1057c6cb3e25d8",
    "packages": [
        {
            "name": "flxxyz/framework",
            "version": "dev-master",
            "source": {
                "type": "git",
                "url": "https://github.com/flxxyz/framework.git",
                "reference": "4e95021c79eb925b5001f7a43c43b1aef00cf116"
            },
            "dist": {
                "type": "zip",
                "url": "https://api.github.com/repos/flxxyz/framework/zipball/4e95021c79eb925b5001f7a43c43b1aef00cf116",
                "reference": "4e95021c79eb925b5001f7a43c43b1aef00cf116",
                "shasum": ""
            },
            "require": {
                "php": ">=7.0"
            },
            "type": "library",
            "autoload": {
                "psr-4": {
                    "Col\\": "src/"
                },
                "files": [
                    "src/functions.php"
                ]
            },
            "notification-url": "https://packagist.org/downloads/",
            "license": [
                "MIT"
            ],
            "authors": [
                {
                    "name": "flxxyz",
                    "email": "i@mdzz.name"
                }
            ],
            "description": "This is a simple PHP framework",
            "homepage": "https://github.com/flxxyz/framework",
            "time": "2018-12-07T10:25:44+00:00"
        }
    ],
    "packages-dev": [],
    "aliases": [],
    "minimum-stability": "stable",
    "stability-flags": {
        "flxxyz/framework": 20
    },
    "prefer-stable": false,
    "prefer-lowest": false,
    "platform": [],
    "platform-dev": []
}
